
Microsoft Visual Studio Solution File, Format Version 12.00
# Visual Studio 14
VisualStudioVersion = 14.0.25420.1
MinimumVisualStudioVersion = 10.0.40219.1
Project("{FAE04EC0-301F-11D3-BF4B-00C04F79EFBC}") = "BachMaiCR.Web", "BachMaiCR.Web\BachMaiCR.Web.csproj", "{1678F5B1-F984-4796-ADE0-B3DF3A978280}"
EndProject
Project("{FAE04EC0-301F-11D3-BF4B-00C04F79EFBC}") = "BachMaiCR.DataAccess", "BachMaiCR.DataAccess\BachMaiCR.DataAccess.csproj", "{F749C0F8-CFE6-4AC1-BCEF-150958518002}"
EndProject
Project("{FAE04EC0-301F-11D3-BF4B-00C04F79EFBC}") = "BachMaiCR.DBMapping", "BachMaiCR.DBMapping\BachMaiCR.DBMapping.csproj", "{D32808F9-BA77-45A4-B707-080EEBC990DC}"
EndProject
Project("{FAE04EC0-301F-11D3-BF4B-00C04F79EFBC}") = "BachMaiCR.Utilities", "BachMaiCR.Utilities\BachMaiCR.Utilities.csproj", "{5BC72B47-124F-440C-A25E-B33F13AA2255}"
EndProject
Global
	GlobalSection(SolutionConfigurationPlatforms) = preSolution
		Debug|Any CPU = Debug|Any CPU
		Release|Any CPU = Release|Any CPU
	EndGlobalSection
	GlobalSection(ProjectConfigurationPlatforms) = postSolution
		{1678F5B1-F984-4796-ADE0-B3DF3A978280}.Debug|Any CPU.ActiveCfg = Debug|Any CPU
		{1678F5B1-F984-4796-ADE0-B3DF3A978280}.Debug|Any CPU.Build.0 = Debug|Any CPU
		{1678F5B1-F984-4796-ADE0-B3DF3A978280}.Release|Any CPU.ActiveCfg = Release|Any CPU
		{1678F5B1-F984-4796-ADE0-B3DF3A978280}.Release|Any CPU.Build.0 = Release|Any CPU
		{F749C0F8-CFE6-4AC1-BCEF-150958518002}.Debug|Any CPU.ActiveCfg = Debug|Any CPU
		{F749C0F8-CFE6-4AC1-BCEF-150958518002}.Debug|Any CPU.Build.0 = Debug|Any CPU
		{F749C0F8-CFE6-4AC1-BCEF-150958518002}.Release|Any CPU.ActiveCfg = Release|Any CPU
		{F749C0F8-CFE6-4AC1-BCEF-150958518002}.Release|Any CPU.Build.0 = Release|Any CPU
		{D32808F9-BA77-45A4-B707-080EEBC990DC}.Debug|Any CPU.ActiveCfg = Debug|Any CPU
		{D32808F9-BA77-45A4-B707-080EEBC990DC}.Debug|Any CPU.Build.0 = Debug|Any CPU
		{D32808F9-BA77-45A4-B707-080EEBC990DC}.Release|Any CPU.ActiveCfg = Release|Any CPU
		{D32808F9-BA77-45A4-B707-080EEBC990DC}.Release|Any CPU.Build.0 = Release|Any CPU
		{5BC72B47-124F-440C-A25E-B33F13AA2255}.Debug|Any CPU.ActiveCfg = Debug|Any CPU
		{5BC72B47-124F-440C-A25E-B33F13AA2255}.Debug|Any CPU.Build.0 = Debug|Any CPU
		{5BC72B47-124F-440C-A25E-B33F13AA2255}.Release|Any CPU.ActiveCfg = Release|Any CPU
		{5BC72B47-124F-440C-A25E-B33F13AA2255}.Release|Any CPU.Build.0 = Release|Any CPU
	EndGlobalSection
	GlobalSection(SolutionProperties) = preSolution
		HideSolutionNode = FALSE
	EndGlobalSection
EndGlobal
